
Microsoft Visual Studio Solution File, Format Version 12.00
# Visual Studio Version 16
VisualStudioVersion = 16.0.32002.261
MinimumVisualStudioVersion = 10.0.40219.1
Project("{FC65038C-1B2F-41E1-A629-BED71D161FFF}") = "dynRealTask (ISV) [Fleet Management]", "dynRealTask\dynRealTask.rnrproj", "{1F15FE2B-5472-494B-8822-0ADA17E8EFAB}"
EndProject
Global
	GlobalSection(SolutionConfigurationPlatforms) = preSolution
		Debug|Any CPU = Debug|Any CPU
	EndGlobalSection
	GlobalSection(ProjectConfigurationPlatforms) = postSolution
		{1F15FE2B-5472-494B-8822-0ADA17E8EFAB}.Debug|Any CPU.ActiveCfg = Debug|Any CPU
		{1F15FE2B-5472-494B-8822-0ADA17E8EFAB}.Debug|Any CPU.Build.0 = Debug|Any CPU
	EndGlobalSection
	GlobalSection(SolutionProperties) = preSolution
		HideSolutionNode = FALSE
	EndGlobalSection
	GlobalSection(ExtensibilityGlobals) = postSolution
		SolutionGuid = {56A205B8-9A34-46D9-AECA-15D3FDC23F55}
	EndGlobalSection
EndGlobal
